<?xml version="1.0" encoding="utf-8"?>
<Project ToolsVersion="4.0" xmlns="http://schemas.microsoft.com/developer/msbuild/2003">
  <ItemGroup>
    <ClCompile Include="main.cpp" />
    <ClCompile Include="Base\Base.cpp">
      <Filter>Base</Filter>
    </ClCompile>
    <ClCompile Include="Game\Player.cpp">
      <Filter>Game</Filter>
    </ClCompile>
<<<<<<< HEAD
    <ClCompile Include="Game\Field.cpp" />
    <ClCompile Include="Game\Map.cpp" />
=======
    <ClCompile Include="Game\AnimeData.cpp">
      <Filter>Game</Filter>
    </ClCompile>
    <ClCompile Include="Game\Game.cpp">
      <Filter>Game</Filter>
    </ClCompile>
>>>>>>> ce56b3e31c8fd59e97962e3c67b0a498592d3be7
  </ItemGroup>
  <ItemGroup>
    <Filter Include="Base">
      <UniqueIdentifier>{92d21a0f-3d8d-4a8b-8c39-31fd384788c0}</UniqueIdentifier>
    </Filter>
    <Filter Include="Game">
      <UniqueIdentifier>{c17e3021-f847-40e4-8d65-2adf5458a243}</UniqueIdentifier>
    </Filter>
  </ItemGroup>
  <ItemGroup>
    <ClInclude Include="Base\Base.h">
      <Filter>Base</Filter>
    </ClInclude>
    <ClInclude Include="Global.h" />
    <ClInclude Include="Game\Player.h">
      <Filter>Game</Filter>
    </ClInclude>
<<<<<<< HEAD
    <ClInclude Include="Game\Field.h" />
    <ClInclude Include="Game\Map.h" />
=======
    <ClInclude Include="Game\AnimeData.h">
      <Filter>Game</Filter>
    </ClInclude>
    <ClInclude Include="Game\Game.h">
      <Filter>Game</Filter>
    </ClInclude>
>>>>>>> ce56b3e31c8fd59e97962e3c67b0a498592d3be7
  </ItemGroup>
</Project>